
Microsoft Visual Studio Solution File, Format Version 12.00
# Visual Studio 14
VisualStudioVersion = 14.0.25420.1
MinimumVisualStudioVersion = 10.0.40219.1
Project("{FAE04EC0-301F-11D3-BF4B-00C04F79EFBC}") = "eCommerce_TouresBalon", "eCommerce_TouresBalon\eCommerce_TouresBalon.csproj", "{710B569B-2721-4A13-9A69-2AC1C9901442}"
EndProject
Project("{FAE04EC0-301F-11D3-BF4B-00C04F79EFBC}") = "eCommerce_TouresBalon.Tests", "eCommerce_TouresBalon.Tests\eCommerce_TouresBalon.Tests.csproj", "{23DD0529-23EC-4A14-83FC-AB37914DE635}"
EndProject
Global
	GlobalSection(SolutionConfigurationPlatforms) = preSolution
		Debug|Any CPU = Debug|Any CPU
		Release|Any CPU = Release|Any CPU
	EndGlobalSection
	GlobalSection(ProjectConfigurationPlatforms) = postSolution
		{710B569B-2721-4A13-9A69-2AC1C9901442}.Debug|Any CPU.ActiveCfg = Debug|Any CPU
		{710B569B-2721-4A13-9A69-2AC1C9901442}.Debug|Any CPU.Build.0 = Debug|Any CPU
		{710B569B-2721-4A13-9A69-2AC1C9901442}.Release|Any CPU.ActiveCfg = Release|Any CPU
		{710B569B-2721-4A13-9A69-2AC1C9901442}.Release|Any CPU.Build.0 = Release|Any CPU
		{23DD0529-23EC-4A14-83FC-AB37914DE635}.Debug|Any CPU.ActiveCfg = Debug|Any CPU
		{23DD0529-23EC-4A14-83FC-AB37914DE635}.Debug|Any CPU.Build.0 = Debug|Any CPU
		{23DD0529-23EC-4A14-83FC-AB37914DE635}.Release|Any CPU.ActiveCfg = Release|Any CPU
		{23DD0529-23EC-4A14-83FC-AB37914DE635}.Release|Any CPU.Build.0 = Release|Any CPU
	EndGlobalSection
	GlobalSection(SolutionProperties) = preSolution
		HideSolutionNode = FALSE
	EndGlobalSection
EndGlobal
